
Microsoft Visual Studio Solution File, Format Version 12.00
# Visual Studio Version 17
VisualStudioVersion = 17.9.34728.123
MinimumVisualStudioVersion = 10.0.40219.1
Project("{FAE04EC0-301F-11D3-BF4B-00C04F79EFBC}") = "BookRentalShopApp", "BookRentalShopApp\BookRentalShopApp.csproj", "{50D270E9-EA59-49DD-A720-F1828C5B274A}"
EndProject
Project("{FAE04EC0-301F-11D3-BF4B-00C04F79EFBC}") = "NewBookRentalShopApp", "NewBookRentalShopApp\NewBookRentalShopApp.csproj", "{5045258D-5EE5-4824-900E-B16362D7182D}"
EndProject
Global
	GlobalSection(SolutionConfigurationPlatforms) = preSolution
		Debug|Any CPU = Debug|Any CPU
		Release|Any CPU = Release|Any CPU
	EndGlobalSection
	GlobalSection(ProjectConfigurationPlatforms) = postSolution
		{50D270E9-EA59-49DD-A720-F1828C5B274A}.Debug|Any CPU.ActiveCfg = Debug|Any CPU
		{50D270E9-EA59-49DD-A720-F1828C5B274A}.Debug|Any CPU.Build.0 = Debug|Any CPU
		{50D270E9-EA59-49DD-A720-F1828C5B274A}.Release|Any CPU.ActiveCfg = Release|Any CPU
		{50D270E9-EA59-49DD-A720-F1828C5B274A}.Release|Any CPU.Build.0 = Release|Any CPU
		{5045258D-5EE5-4824-900E-B16362D7182D}.Debug|Any CPU.ActiveCfg = Debug|Any CPU
		{5045258D-5EE5-4824-900E-B16362D7182D}.Debug|Any CPU.Build.0 = Debug|Any CPU
		{5045258D-5EE5-4824-900E-B16362D7182D}.Release|Any CPU.ActiveCfg = Release|Any CPU
		{5045258D-5EE5-4824-900E-B16362D7182D}.Release|Any CPU.Build.0 = Release|Any CPU
	EndGlobalSection
	GlobalSection(SolutionProperties) = preSolution
		HideSolutionNode = FALSE
	EndGlobalSection
	GlobalSection(ExtensibilityGlobals) = postSolution
		SolutionGuid = {65A1B5D4-B6A8-482A-9416-C5A0AE1502EF}
	EndGlobalSection
EndGlobal
