
Microsoft Visual Studio Solution File, Format Version 12.00
# Visual Studio Version 17
VisualStudioVersion = 17.9.34728.123
MinimumVisualStudioVersion = 10.0.40219.1
Project("{FAE04EC0-301F-11D3-BF4B-00C04F79EFBC}") = "ex19_asyncs", "ex19_asyncs\ex19_asyncs.csproj", "{950BB1C0-D042-4BD2-BADB-59CE98BF8EA6}"
EndProject
Global
	GlobalSection(SolutionConfigurationPlatforms) = preSolution
		Debug|Any CPU = Debug|Any CPU
		Release|Any CPU = Release|Any CPU
	EndGlobalSection
	GlobalSection(ProjectConfigurationPlatforms) = postSolution
		{950BB1C0-D042-4BD2-BADB-59CE98BF8EA6}.Debug|Any CPU.ActiveCfg = Debug|Any CPU
		{950BB1C0-D042-4BD2-BADB-59CE98BF8EA6}.Debug|Any CPU.Build.0 = Debug|Any CPU
		{950BB1C0-D042-4BD2-BADB-59CE98BF8EA6}.Release|Any CPU.ActiveCfg = Release|Any CPU
		{950BB1C0-D042-4BD2-BADB-59CE98BF8EA6}.Release|Any CPU.Build.0 = Release|Any CPU
	EndGlobalSection
	GlobalSection(SolutionProperties) = preSolution
		HideSolutionNode = FALSE
	EndGlobalSection
	GlobalSection(ExtensibilityGlobals) = postSolution
		SolutionGuid = {5241E0CF-1856-48B0-A4D5-82BECCE3DD6F}
	EndGlobalSection
EndGlobal
